// !$*UTF8*$!
{
	archiveVersion = 1;
	classes = {
	};
	objectVersion = 46;
	objects = {

/* Begin PBXBuildFile section */
		520276EE16762D300004BBDC /* UIKit.framework in Frameworks */ = {isa = PBXBuildFile; fileRef = 520276ED16762D300004BBDC /* UIKit.framework */; };
		520276F016762D300004BBDC /* Foundation.framework in Frameworks */ = {isa = PBXBuildFile; fileRef = 520276EF16762D300004BBDC /* Foundation.framework */; };
		520276F216762D300004BBDC /* CoreGraphics.framework in Frameworks */ = {isa = PBXBuildFile; fileRef = 520276F116762D300004BBDC /* CoreGraphics.framework */; };
		520276F816762D300004BBDC /* InfoPlist.strings in Resources */ = {isa = PBXBuildFile; fileRef = 520276F616762D300004BBDC /* InfoPlist.strings */; };
		520276FA16762D300004BBDC /* main.m in Sources */ = {isa = PBXBuildFile; fileRef = 520276F916762D300004BBDC /* main.m */; };
		520276FE16762D300004BBDC /* TeamRunAppDelegate.m in Sources */ = {isa = PBXBuildFile; fileRef = 520276FD16762D300004BBDC /* TeamRunAppDelegate.m */; };
		5202770016762D300004BBDC /* Default.png in Resources */ = {isa = PBXBuildFile; fileRef = 520276FF16762D300004BBDC /* Default.png */; };
		5202770216762D300004BBDC /* Default@2x.png in Resources */ = {isa = PBXBuildFile; fileRef = 5202770116762D300004BBDC /* Default@2x.png */; };
		5202770416762D300004BBDC /* Default-568h@2x.png in Resources */ = {isa = PBXBuildFile; fileRef = 5202770316762D300004BBDC /* Default-568h@2x.png */; };
		5202770716762D300004BBDC /* MainStoryboard.storyboard in Resources */ = {isa = PBXBuildFile; fileRef = 5202770516762D300004BBDC /* MainStoryboard.storyboard */; };
		5202770A16762D300004BBDC /* TeamRunViewController.m in Sources */ = {isa = PBXBuildFile; fileRef = 5202770916762D300004BBDC /* TeamRunViewController.m */; };
		5280DE22167EC5E700552081 /* CoreLocation.framework in Frameworks */ = {isa = PBXBuildFile; fileRef = 5280DE21167EC5E700552081 /* CoreLocation.framework */; };
		52A5E03E1687898500E3A2AB /* GameKit.framework in Frameworks */ = {isa = PBXBuildFile; fileRef = 52A5E03D1687898500E3A2AB /* GameKit.framework */; };
		52A5E0411687ECA800E3A2AB /* SampleMap.png in Resources */ = {isa = PBXBuildFile; fileRef = 52A5E0401687ECA800E3A2AB /* SampleMap.png */; };
		52BA73D0168EC3700025C3EA /* mute mic.tiff in Resources */ = {isa = PBXBuildFile; fileRef = 52BA73CF168EC3700025C3EA /* mute mic.tiff */; };
		52F081F4168425D700F2749E /* icon114.png in Resources */ = {isa = PBXBuildFile; fileRef = 52F081F3168425D700F2749E /* icon114.png */; };
		83369522173DAFDB00923D88 /* cmu07a.dic in Resources */ = {isa = PBXBuildFile; fileRef = 83369512173DAFDB00923D88 /* cmu07a.dic */; };
		83369523173DAFDB00923D88 /* feat.params in Resources */ = {isa = PBXBuildFile; fileRef = 83369514173DAFDB00923D88 /* feat.params */; };
		83369524173DAFDB00923D88 /* mdef in Resources */ = {isa = PBXBuildFile; fileRef = 83369515173DAFDB00923D88 /* mdef */; };
		83369525173DAFDB00923D88 /* means in Resources */ = {isa = PBXBuildFile; fileRef = 83369516173DAFDB00923D88 /* means */; };
		83369526173DAFDB00923D88 /* noisedict in Resources */ = {isa = PBXBuildFile; fileRef = 83369517173DAFDB00923D88 /* noisedict */; };
		83369527173DAFDB00923D88 /* sendump in Resources */ = {isa = PBXBuildFile; fileRef = 83369518173DAFDB00923D88 /* sendump */; };
		83369528173DAFDB00923D88 /* transition_matrices in Resources */ = {isa = PBXBuildFile; fileRef = 83369519173DAFDB00923D88 /* transition_matrices */; };
		83369529173DAFDB00923D88 /* variances in Resources */ = {isa = PBXBuildFile; fileRef = 8336951A173DAFDB00923D88 /* variances */; };
		8336952A173DAFDB00923D88 /* OpenEars.framework in Frameworks */ = {isa = PBXBuildFile; fileRef = 8336951B173DAFDB00923D88 /* OpenEars.framework */; };
		8336952B173DAFDB00923D88 /* OpenEars1.dic in Resources */ = {isa = PBXBuildFile; fileRef = 8336951C173DAFDB00923D88 /* OpenEars1.dic */; };
		8336952C173DAFDB00923D88 /* OpenEars1.gram in Resources */ = {isa = PBXBuildFile; fileRef = 8336951D173DAFDB00923D88 /* OpenEars1.gram */; };
		8336952D173DAFDB00923D88 /* OpenEars1.languagemodel in Resources */ = {isa = PBXBuildFile; fileRef = 8336951E173DAFDB00923D88 /* OpenEars1.languagemodel */; };
		8336952E173DAFDB00923D88 /* OpenEars2.gram in Resources */ = {isa = PBXBuildFile; fileRef = 8336951F173DAFDB00923D88 /* OpenEars2.gram */; };
		8336952F173DAFDB00923D88 /* OpenEarsCorpus.txt in Resources */ = {isa = PBXBuildFile; fileRef = 83369520173DAFDB00923D88 /* OpenEarsCorpus.txt */; };
		83369530173DAFDB00923D88 /* Slt.framework in Frameworks */ = {isa = PBXBuildFile; fileRef = 83369521173DAFDB00923D88 /* Slt.framework */; };
		833A3147172746EC00E8A61E /* PSLocationManager.m in Sources */ = {isa = PBXBuildFile; fileRef = 833A3145172746EC00E8A61E /* PSLocationManager.m */; };
		83CF153B1729FECB006044B0 /* AudioToolbox.framework in Frameworks */ = {isa = PBXBuildFile; fileRef = 83CF15391729FECB006044B0 /* AudioToolbox.framework */; };
		83CF153C1729FECB006044B0 /* AVFoundation.framework in Frameworks */ = {isa = PBXBuildFile; fileRef = 83CF153A1729FECB006044B0 /* AVFoundation.framework */; };
		83CF1544172AB580006044B0 /* SenTestingKit.framework in Frameworks */ = {isa = PBXBuildFile; fileRef = 83CF1543172AB580006044B0 /* SenTestingKit.framework */; };
		83CF1545172AB580006044B0 /* UIKit.framework in Frameworks */ = {isa = PBXBuildFile; fileRef = 520276ED16762D300004BBDC /* UIKit.framework */; };
		83CF1546172AB580006044B0 /* Foundation.framework in Frameworks */ = {isa = PBXBuildFile; fileRef = 520276EF16762D300004BBDC /* Foundation.framework */; };
		83CF154C172AB580006044B0 /* InfoPlist.strings in Resources */ = {isa = PBXBuildFile; fileRef = 83CF154A172AB580006044B0 /* InfoPlist.strings */; };
		83CF154F172AB581006044B0 /* TeamRunUnitTests.m in Sources */ = {isa = PBXBuildFile; fileRef = 83CF154E172AB580006044B0 /* TeamRunUnitTests.m */; };
		83CF1558172AB7C3006044B0 /* TeamRunUtility.m in Sources */ = {isa = PBXBuildFile; fileRef = 83CF1557172AB7C3006044B0 /* TeamRunUtility.m */; };
		83CF155E172F2129006044B0 /* TeamRunSettingsViewController.m in Sources */ = {isa = PBXBuildFile; fileRef = 83CF155D172F2129006044B0 /* TeamRunSettingsViewController.m */; };
		83CF1561172F61CE006044B0 /* TeamRunSettings.m in Sources */ = {isa = PBXBuildFile; fileRef = 83CF1560172F61CE006044B0 /* TeamRunSettings.m */; };
		83CF15641732E225006044B0 /* TeamRunCompletedViewController.m in Sources */ = {isa = PBXBuildFile; fileRef = 83CF15631732E225006044B0 /* TeamRunCompletedViewController.m */; };
		83CF15671733E82B006044B0 /* TeamRunView.m in Sources */ = {isa = PBXBuildFile; fileRef = 83CF15661733E82B006044B0 /* TeamRunView.m */; };
		83CF1608173B13D4006044B0 /* Awb.framework in Frameworks */ = {isa = PBXBuildFile; fileRef = 83CF1607173B13D4006044B0 /* Awb.framework */; };
		83E9C8541746F6B7004D8879 /* Social.framework in Frameworks */ = {isa = PBXBuildFile; fileRef = 83E9C8531746F6B7004D8879 /* Social.framework */; };
		83E9C8901747FBD0004D8879 /* FB-f-Logo__blue_29.png in Resources */ = {isa = PBXBuildFile; fileRef = 83E9C88F1747FBD0004D8879 /* FB-f-Logo__blue_29.png */; };
		83E9C8921747FD3C004D8879 /* FB-f-Logo__blue_29@2x.png in Resources */ = {isa = PBXBuildFile; fileRef = 83E9C8911747FD3C004D8879 /* FB-f-Logo__blue_29@2x.png */; };
		83E9C89417481980004D8879 /* icon1024.png in Resources */ = {isa = PBXBuildFile; fileRef = 83E9C89317481980004D8879 /* icon1024.png */; };
/* End PBXBuildFile section */

/* Begin PBXContainerItemProxy section */
		83CF1554172AB5C6006044B0 /* PBXContainerItemProxy */ = {
			isa = PBXContainerItemProxy;
			containerPortal = 520276E016762D300004BBDC /* Project object */;
			proxyType = 1;
			remoteGlobalIDString = 520276E816762D300004BBDC;
			remoteInfo = teamrun;
		};
/* End PBXContainerItemProxy section */

/* Begin PBXFileReference section */
		520276E916762D300004BBDC /* teamrun.app */ = {isa = PBXFileReference; explicitFileType = wrapper.application; includeInIndex = 0; path = teamrun.app; sourceTree = BUILT_PRODUCTS_DIR; };
		520276ED16762D300004BBDC /* UIKit.framework */ = {isa = PBXFileReference; lastKnownFileType = wrapper.framework; name = UIKit.framework; path = System/Library/Frameworks/UIKit.framework; sourceTree = SDKROOT; };
		520276EF16762D300004BBDC /* Foundation.framework */ = {isa = PBXFileReference; lastKnownFileType = wrapper.framework; name = Foundation.framework; path = System/Library/Frameworks/Foundation.framework; sourceTree = SDKROOT; };
		520276F116762D300004BBDC /* CoreGraphics.framework */ = {isa = PBXFileReference; lastKnownFileType = wrapper.framework; name = CoreGraphics.framework; path = System/Library/Frameworks/CoreGraphics.framework; sourceTree = SDKROOT; };
		520276F516762D300004BBDC /* teamrun-Info.plist */ = {isa = PBXFileReference; lastKnownFileType = text.plist.xml; path = "teamrun-Info.plist"; sourceTree = "<group>"; };
		520276F716762D300004BBDC /* en */ = {isa = PBXFileReference; lastKnownFileType = text.plist.strings; name = en; path = en.lproj/InfoPlist.strings; sourceTree = "<group>"; };
		520276F916762D300004BBDC /* main.m */ = {isa = PBXFileReference; lastKnownFileType = sourcecode.c.objc; path = main.m; sourceTree = "<group>"; };
		520276FB16762D300004BBDC /* teamrun-Prefix.pch */ = {isa = PBXFileReference; lastKnownFileType = sourcecode.c.h; path = "teamrun-Prefix.pch"; sourceTree = "<group>"; };
		520276FC16762D300004BBDC /* TeamRunAppDelegate.h */ = {isa = PBXFileReference; lastKnownFileType = sourcecode.c.h; path = TeamRunAppDelegate.h; sourceTree = "<group>"; };
		520276FD16762D300004BBDC /* TeamRunAppDelegate.m */ = {isa = PBXFileReference; lastKnownFileType = sourcecode.c.objc; path = TeamRunAppDelegate.m; sourceTree = "<group>"; };
		520276FF16762D300004BBDC /* Default.png */ = {isa = PBXFileReference; lastKnownFileType = image.png; path = Default.png; sourceTree = "<group>"; };
		5202770116762D300004BBDC /* Default@2x.png */ = {isa = PBXFileReference; lastKnownFileType = image.png; path = "Default@2x.png"; sourceTree = "<group>"; };
		5202770316762D300004BBDC /* Default-568h@2x.png */ = {isa = PBXFileReference; lastKnownFileType = image.png; path = "Default-568h@2x.png"; sourceTree = "<group>"; };
		5202770616762D300004BBDC /* en */ = {isa = PBXFileReference; lastKnownFileType = file.storyboard; name = en; path = en.lproj/MainStoryboard.storyboard; sourceTree = "<group>"; };
		5202770816762D300004BBDC /* TeamRunViewController.h */ = {isa = PBXFileReference; lastKnownFileType = sourcecode.c.h; path = TeamRunViewController.h; sourceTree = "<group>"; };
		5202770916762D300004BBDC /* TeamRunViewController.m */ = {isa = PBXFileReference; lastKnownFileType = sourcecode.c.objc; path = TeamRunViewController.m; sourceTree = "<group>"; };
		5280DE21167EC5E700552081 /* CoreLocation.framework */ = {isa = PBXFileReference; lastKnownFileType = wrapper.framework; name = CoreLocation.framework; path = System/Library/Frameworks/CoreLocation.framework; sourceTree = SDKROOT; };
		52A5E03D1687898500E3A2AB /* GameKit.framework */ = {isa = PBXFileReference; lastKnownFileType = wrapper.framework; name = GameKit.framework; path = System/Library/Frameworks/GameKit.framework; sourceTree = SDKROOT; };
		52A5E0401687ECA800E3A2AB /* SampleMap.png */ = {isa = PBXFileReference; lastKnownFileType = image.png; path = SampleMap.png; sourceTree = "<group>"; };
		52BA73CF168EC3700025C3EA /* mute mic.tiff */ = {isa = PBXFileReference; lastKnownFileType = image.tiff; path = "mute mic.tiff"; sourceTree = "<group>"; };
		52F081F3168425D700F2749E /* icon114.png */ = {isa = PBXFileReference; lastKnownFileType = image.png; name = icon114.png; path = ../icon114.png; sourceTree = "<group>"; };
		83369512173DAFDB00923D88 /* cmu07a.dic */ = {isa = PBXFileReference; fileEncoding = 4; lastKnownFileType = text; path = cmu07a.dic; sourceTree = "<group>"; };
		83369514173DAFDB00923D88 /* feat.params */ = {isa = PBXFileReference; fileEncoding = 4; lastKnownFileType = text; path = feat.params; sourceTree = "<group>"; };
		83369515173DAFDB00923D88 /* mdef */ = {isa = PBXFileReference; lastKnownFileType = file; path = mdef; sourceTree = "<group>"; };
		83369516173DAFDB00923D88 /* means */ = {isa = PBXFileReference; lastKnownFileType = file; path = means; sourceTree = "<group>"; };
		83369517173DAFDB00923D88 /* noisedict */ = {isa = PBXFileReference; fileEncoding = 4; lastKnownFileType = text; path = noisedict; sourceTree = "<group>"; };
		83369518173DAFDB00923D88 /* sendump */ = {isa = PBXFileReference; lastKnownFileType = file; path = sendump; sourceTree = "<group>"; };
		83369519173DAFDB00923D88 /* transition_matrices */ = {isa = PBXFileReference; lastKnownFileType = file; path = transition_matrices; sourceTree = "<group>"; };
		8336951A173DAFDB00923D88 /* variances */ = {isa = PBXFileReference; lastKnownFileType = file; path = variances; sourceTree = "<group>"; };
		8336951B173DAFDB00923D88 /* OpenEars.framework */ = {isa = PBXFileReference; lastKnownFileType = wrapper.framework; path = OpenEars.framework; sourceTree = "<group>"; };
		8336951C173DAFDB00923D88 /* OpenEars1.dic */ = {isa = PBXFileReference; fileEncoding = 4; lastKnownFileType = text; path = OpenEars1.dic; sourceTree = "<group>"; };
		8336951D173DAFDB00923D88 /* OpenEars1.gram */ = {isa = PBXFileReference; fileEncoding = 4; lastKnownFileType = text; path = OpenEars1.gram; sourceTree = "<group>"; };
		8336951E173DAFDB00923D88 /* OpenEars1.languagemodel */ = {isa = PBXFileReference; fileEncoding = 4; lastKnownFileType = text; path = OpenEars1.languagemodel; sourceTree = "<group>"; };
		8336951F173DAFDB00923D88 /* OpenEars2.gram */ = {isa = PBXFileReference; fileEncoding = 4; lastKnownFileType = text; path = OpenEars2.gram; sourceTree = "<group>"; };
		83369520173DAFDB00923D88 /* OpenEarsCorpus.txt */ = {isa = PBXFileReference; fileEncoding = 4; lastKnownFileType = text; path = OpenEarsCorpus.txt; sourceTree = "<group>"; };
		83369521173DAFDB00923D88 /* Slt.framework */ = {isa = PBXFileReference; lastKnownFileType = wrapper.framework; path = Slt.framework; sourceTree = "<group>"; };
		833A3145172746EC00E8A61E /* PSLocationManager.m */ = {isa = PBXFileReference; fileEncoding = 4; lastKnownFileType = sourcecode.c.objc; path = PSLocationManager.m; sourceTree = "<group>"; };
		833A3146172746EC00E8A61E /* PSLocationManager.h */ = {isa = PBXFileReference; fileEncoding = 4; lastKnownFileType = sourcecode.c.h; path = PSLocationManager.h; sourceTree = "<group>"; };
		83CF15391729FECB006044B0 /* AudioToolbox.framework */ = {isa = PBXFileReference; lastKnownFileType = wrapper.framework; name = AudioToolbox.framework; path = System/Library/Frameworks/AudioToolbox.framework; sourceTree = SDKROOT; };
		83CF153A1729FECB006044B0 /* AVFoundation.framework */ = {isa = PBXFileReference; lastKnownFileType = wrapper.framework; name = AVFoundation.framework; path = System/Library/Frameworks/AVFoundation.framework; sourceTree = SDKROOT; };
		83CF1542172AB580006044B0 /* TeamRunUnitTests.octest */ = {isa = PBXFileReference; explicitFileType = wrapper.cfbundle; includeInIndex = 0; path = TeamRunUnitTests.octest; sourceTree = BUILT_PRODUCTS_DIR; };
		83CF1543172AB580006044B0 /* SenTestingKit.framework */ = {isa = PBXFileReference; lastKnownFileType = wrapper.framework; name = SenTestingKit.framework; path = Library/Frameworks/SenTestingKit.framework; sourceTree = DEVELOPER_DIR; };
		83CF1549172AB580006044B0 /* TeamRunUnitTests-Info.plist */ = {isa = PBXFileReference; lastKnownFileType = text.plist.xml; path = "TeamRunUnitTests-Info.plist"; sourceTree = "<group>"; };
		83CF154B172AB580006044B0 /* en */ = {isa = PBXFileReference; lastKnownFileType = text.plist.strings; name = en; path = en.lproj/InfoPlist.strings; sourceTree = "<group>"; };
		83CF154D172AB580006044B0 /* TeamRunUnitTests.h */ = {isa = PBXFileReference; lastKnownFileType = sourcecode.c.h; path = TeamRunUnitTests.h; sourceTree = "<group>"; };
		83CF154E172AB580006044B0 /* TeamRunUnitTests.m */ = {isa = PBXFileReference; lastKnownFileType = sourcecode.c.objc; path = TeamRunUnitTests.m; sourceTree = "<group>"; };
		83CF1550172AB581006044B0 /* TeamRunUnitTests-Prefix.pch */ = {isa = PBXFileReference; lastKnownFileType = sourcecode.c.h; path = "TeamRunUnitTests-Prefix.pch"; sourceTree = "<group>"; };
		83CF1556172AB7C3006044B0 /* TeamRunUtility.h */ = {isa = PBXFileReference; fileEncoding = 4; lastKnownFileType = sourcecode.c.h; path = TeamRunUtility.h; sourceTree = "<group>"; };
		83CF1557172AB7C3006044B0 /* TeamRunUtility.m */ = {isa = PBXFileReference; fileEncoding = 4; lastKnownFileType = sourcecode.c.objc; path = TeamRunUtility.m; sourceTree = "<group>"; };
		83CF155C172F2129006044B0 /* TeamRunSettingsViewController.h */ = {isa = PBXFileReference; fileEncoding = 4; lastKnownFileType = sourcecode.c.h; path = TeamRunSettingsViewController.h; sourceTree = "<group>"; };
		83CF155D172F2129006044B0 /* TeamRunSettingsViewController.m */ = {isa = PBXFileReference; fileEncoding = 4; lastKnownFileType = sourcecode.c.objc; path = TeamRunSettingsViewController.m; sourceTree = "<group>"; };
		83CF155F172F61CE006044B0 /* TeamRunSettings.h */ = {isa = PBXFileReference; fileEncoding = 4; lastKnownFileType = sourcecode.c.h; path = TeamRunSettings.h; sourceTree = "<group>"; };
		83CF1560172F61CE006044B0 /* TeamRunSettings.m */ = {isa = PBXFileReference; fileEncoding = 4; lastKnownFileType = sourcecode.c.objc; path = TeamRunSettings.m; sourceTree = "<group>"; };
		83CF15621732E225006044B0 /* TeamRunCompletedViewController.h */ = {isa = PBXFileReference; fileEncoding = 4; lastKnownFileType = sourcecode.c.h; path = TeamRunCompletedViewController.h; sourceTree = "<group>"; };
		83CF15631732E225006044B0 /* TeamRunCompletedViewController.m */ = {isa = PBXFileReference; fileEncoding = 4; lastKnownFileType = sourcecode.c.objc; path = TeamRunCompletedViewController.m; sourceTree = "<group>"; };
		83CF15651733E82B006044B0 /* TeamRunView.h */ = {isa = PBXFileReference; fileEncoding = 4; lastKnownFileType = sourcecode.c.h; path = TeamRunView.h; sourceTree = "<group>"; };
		83CF15661733E82B006044B0 /* TeamRunView.m */ = {isa = PBXFileReference; fileEncoding = 4; lastKnownFileType = sourcecode.c.objc; path = TeamRunView.m; sourceTree = "<group>"; };
		83CF1607173B13D4006044B0 /* Awb.framework */ = {isa = PBXFileReference; lastKnownFileType = wrapper.framework; path = Awb.framework; sourceTree = "<group>"; };
		83E9C85217465DB7004D8879 /* TeamRunLogger.h */ = {isa = PBXFileReference; lastKnownFileType = sourcecode.c.h; path = TeamRunLogger.h; sourceTree = "<group>"; };
		83E9C8531746F6B7004D8879 /* Social.framework */ = {isa = PBXFileReference; lastKnownFileType = wrapper.framework; name = Social.framework; path = System/Library/Frameworks/Social.framework; sourceTree = SDKROOT; };
		83E9C88F1747FBD0004D8879 /* FB-f-Logo__blue_29.png */ = {isa = PBXFileReference; lastKnownFileType = image.png; name = "FB-f-Logo__blue_29.png"; path = "../FB-f-Logo__blue_29.png"; sourceTree = "<group>"; };
		83E9C8911747FD3C004D8879 /* FB-f-Logo__blue_29@2x.png */ = {isa = PBXFileReference; lastKnownFileType = image.png; name = "FB-f-Logo__blue_29@2x.png"; path = "../FB-f-Logo__blue_29@2x.png"; sourceTree = "<group>"; };
		83E9C89317481980004D8879 /* icon1024.png */ = {isa = PBXFileReference; lastKnownFileType = image.png; name = icon1024.png; path = ../icon1024.png; sourceTree = "<group>"; };
/* End PBXFileReference section */

/* Begin PBXFrameworksBuildPhase section */
		520276E616762D300004BBDC /* Frameworks */ = {
			isa = PBXFrameworksBuildPhase;
			buildActionMask = 2147483647;
			files = (
				83E9C8541746F6B7004D8879 /* Social.framework in Frameworks */,
				83CF153B1729FECB006044B0 /* AudioToolbox.framework in Frameworks */,
				83CF153C1729FECB006044B0 /* AVFoundation.framework in Frameworks */,
				52A5E03E1687898500E3A2AB /* GameKit.framework in Frameworks */,
				5280DE22167EC5E700552081 /* CoreLocation.framework in Frameworks */,
				520276EE16762D300004BBDC /* UIKit.framework in Frameworks */,
				520276F016762D300004BBDC /* Foundation.framework in Frameworks */,
				520276F216762D300004BBDC /* CoreGraphics.framework in Frameworks */,
				83CF1608173B13D4006044B0 /* Awb.framework in Frameworks */,
				8336952A173DAFDB00923D88 /* OpenEars.framework in Frameworks */,
				83369530173DAFDB00923D88 /* Slt.framework in Frameworks */,
			);
			runOnlyForDeploymentPostprocessing = 0;
		};
		83CF153E172AB580006044B0 /* Frameworks */ = {
			isa = PBXFrameworksBuildPhase;
			buildActionMask = 2147483647;
			files = (
				83CF1544172AB580006044B0 /* SenTestingKit.framework in Frameworks */,
				83CF1545172AB580006044B0 /* UIKit.framework in Frameworks */,
				83CF1546172AB580006044B0 /* Foundation.framework in Frameworks */,
			);
			runOnlyForDeploymentPostprocessing = 0;
		};
/* End PBXFrameworksBuildPhase section */

/* Begin PBXGroup section */
		520276DE16762D300004BBDC = {
			isa = PBXGroup;
			children = (
				83E9C8531746F6B7004D8879 /* Social.framework */,
				83369511173DAFDB00923D88 /* Framework */,
				83CF1607173B13D4006044B0 /* Awb.framework */,
				83CF15391729FECB006044B0 /* AudioToolbox.framework */,
				83CF153A1729FECB006044B0 /* AVFoundation.framework */,
				52A5E03D1687898500E3A2AB /* GameKit.framework */,
				5280DE21167EC5E700552081 /* CoreLocation.framework */,
				520276F316762D300004BBDC /* TeamRun */,
				83CF1547172AB580006044B0 /* TeamRunUnitTests */,
				520276EC16762D300004BBDC /* Frameworks */,
				520276EA16762D300004BBDC /* Products */,
			);
			sourceTree = "<group>";
		};
		520276EA16762D300004BBDC /* Products */ = {
			isa = PBXGroup;
			children = (
				520276E916762D300004BBDC /* teamrun.app */,
				83CF1542172AB580006044B0 /* TeamRunUnitTests.octest */,
			);
			name = Products;
			sourceTree = "<group>";
		};
		520276EC16762D300004BBDC /* Frameworks */ = {
			isa = PBXGroup;
			children = (
				520276ED16762D300004BBDC /* UIKit.framework */,
				520276EF16762D300004BBDC /* Foundation.framework */,
				520276F116762D300004BBDC /* CoreGraphics.framework */,
				83CF1543172AB580006044B0 /* SenTestingKit.framework */,
			);
			name = Frameworks;
			sourceTree = "<group>";
		};
		520276F316762D300004BBDC /* TeamRun */ = {
			isa = PBXGroup;
			children = (
				833A3145172746EC00E8A61E /* PSLocationManager.m */,
				833A3146172746EC00E8A61E /* PSLocationManager.h */,
				520276FC16762D300004BBDC /* TeamRunAppDelegate.h */,
				520276FD16762D300004BBDC /* TeamRunAppDelegate.m */,
				5202770516762D300004BBDC /* MainStoryboard.storyboard */,
				5202770816762D300004BBDC /* TeamRunViewController.h */,
				5202770916762D300004BBDC /* TeamRunViewController.m */,
				520276F416762D300004BBDC /* Supporting Files */,
				83CF1556172AB7C3006044B0 /* TeamRunUtility.h */,
				83CF1557172AB7C3006044B0 /* TeamRunUtility.m */,
				83CF155C172F2129006044B0 /* TeamRunSettingsViewController.h */,
				83CF155D172F2129006044B0 /* TeamRunSettingsViewController.m */,
				83CF155F172F61CE006044B0 /* TeamRunSettings.h */,
				83CF1560172F61CE006044B0 /* TeamRunSettings.m */,
				83CF15621732E225006044B0 /* TeamRunCompletedViewController.h */,
				83CF15631732E225006044B0 /* TeamRunCompletedViewController.m */,
				83CF15651733E82B006044B0 /* TeamRunView.h */,
				83CF15661733E82B006044B0 /* TeamRunView.m */,
				83E9C85217465DB7004D8879 /* TeamRunLogger.h */,
			);
			path = TeamRun;
			sourceTree = "<group>";
		};
		520276F416762D300004BBDC /* Supporting Files */ = {
			isa = PBXGroup;
			children = (
				520276F516762D300004BBDC /* teamrun-Info.plist */,
				520276F616762D300004BBDC /* InfoPlist.strings */,
				52BA73CF168EC3700025C3EA /* mute mic.tiff */,
				520276F916762D300004BBDC /* main.m */,
				520276FB16762D300004BBDC /* teamrun-Prefix.pch */,
				52A5E0401687ECA800E3A2AB /* SampleMap.png */,
				520276FF16762D300004BBDC /* Default.png */,
				5202770116762D300004BBDC /* Default@2x.png */,
				5202770316762D300004BBDC /* Default-568h@2x.png */,
				52F081F3168425D700F2749E /* icon114.png */,
				83E9C89317481980004D8879 /* icon1024.png */,
				83E9C88F1747FBD0004D8879 /* FB-f-Logo__blue_29.png */,
				83E9C8911747FD3C004D8879 /* FB-f-Logo__blue_29@2x.png */,
			);
			name = "Supporting Files";
			sourceTree = "<group>";
		};
		83369511173DAFDB00923D88 /* Framework */ = {
			isa = PBXGroup;
			children = (
				83369512173DAFDB00923D88 /* cmu07a.dic */,
				83369513173DAFDB00923D88 /* hub4wsj_sc_8k */,
				8336951B173DAFDB00923D88 /* OpenEars.framework */,
				8336951C173DAFDB00923D88 /* OpenEars1.dic */,
				8336951D173DAFDB00923D88 /* OpenEars1.gram */,
				8336951E173DAFDB00923D88 /* OpenEars1.languagemodel */,
				8336951F173DAFDB00923D88 /* OpenEars2.gram */,
				83369520173DAFDB00923D88 /* OpenEarsCorpus.txt */,
				83369521173DAFDB00923D88 /* Slt.framework */,
			);
			path = Framework;
			sourceTree = "<group>";
		};
		83369513173DAFDB00923D88 /* hub4wsj_sc_8k */ = {
			isa = PBXGroup;
			children = (
				83369514173DAFDB00923D88 /* feat.params */,
				83369515173DAFDB00923D88 /* mdef */,
				83369516173DAFDB00923D88 /* means */,
				83369517173DAFDB00923D88 /* noisedict */,
				83369518173DAFDB00923D88 /* sendump */,
				83369519173DAFDB00923D88 /* transition_matrices */,
				8336951A173DAFDB00923D88 /* variances */,
			);
			path = hub4wsj_sc_8k;
			sourceTree = "<group>";
		};
		83CF1547172AB580006044B0 /* TeamRunUnitTests */ = {
			isa = PBXGroup;
			children = (
				83CF154D172AB580006044B0 /* TeamRunUnitTests.h */,
				83CF154E172AB580006044B0 /* TeamRunUnitTests.m */,
				83CF1548172AB580006044B0 /* Supporting Files */,
			);
			path = TeamRunUnitTests;
			sourceTree = "<group>";
		};
		83CF1548172AB580006044B0 /* Supporting Files */ = {
			isa = PBXGroup;
			children = (
				83CF1549172AB580006044B0 /* TeamRunUnitTests-Info.plist */,
				83CF154A172AB580006044B0 /* InfoPlist.strings */,
				83CF1550172AB581006044B0 /* TeamRunUnitTests-Prefix.pch */,
			);
			name = "Supporting Files";
			sourceTree = "<group>";
		};
/* End PBXGroup section */

/* Begin PBXNativeTarget section */
		520276E816762D300004BBDC /* teamrun */ = {
			isa = PBXNativeTarget;
			buildConfigurationList = 5202770D16762D310004BBDC /* Build configuration list for PBXNativeTarget "teamrun" */;
			buildPhases = (
				520276E516762D300004BBDC /* Sources */,
				520276E616762D300004BBDC /* Frameworks */,
				520276E716762D300004BBDC /* Resources */,
			);
			buildRules = (
			);
			dependencies = (
			);
			name = teamrun;
			productName = TeamRun;
			productReference = 520276E916762D300004BBDC /* teamrun.app */;
			productType = "com.apple.product-type.application";
		};
		83CF1541172AB580006044B0 /* TeamRunUnitTests */ = {
			isa = PBXNativeTarget;
			buildConfigurationList = 83CF1551172AB581006044B0 /* Build configuration list for PBXNativeTarget "TeamRunUnitTests" */;
			buildPhases = (
				83CF153D172AB580006044B0 /* Sources */,
				83CF153E172AB580006044B0 /* Frameworks */,
				83CF153F172AB580006044B0 /* Resources */,
				83CF1540172AB580006044B0 /* ShellScript */,
			);
			buildRules = (
			);
			dependencies = (
				83CF1555172AB5C6006044B0 /* PBXTargetDependency */,
			);
			name = TeamRunUnitTests;
			productName = TeamRunUnitTests;
			productReference = 83CF1542172AB580006044B0 /* TeamRunUnitTests.octest */;
			productType = "com.apple.product-type.bundle";
		};
/* End PBXNativeTarget section */

/* Begin PBXProject section */
		520276E016762D300004BBDC /* Project object */ = {
			isa = PBXProject;
			attributes = {
				CLASSPREFIX = TeamRun;
				LastUpgradeCheck = 0450;
				ORGANIZATIONNAME = "John DiMatteo";
			};
			buildConfigurationList = 520276E316762D300004BBDC /* Build configuration list for PBXProject "teamrun" */;
			compatibilityVersion = "Xcode 3.2";
			developmentRegion = English;
			hasScannedForEncodings = 0;
			knownRegions = (
				en,
			);
			mainGroup = 520276DE16762D300004BBDC;
			productRefGroup = 520276EA16762D300004BBDC /* Products */;
			projectDirPath = "";
			projectRoot = "";
			targets = (
				520276E816762D300004BBDC /* teamrun */,
				83CF1541172AB580006044B0 /* TeamRunUnitTests */,
			);
		};
/* End PBXProject section */

/* Begin PBXResourcesBuildPhase section */
		520276E716762D300004BBDC /* Resources */ = {
			isa = PBXResourcesBuildPhase;
			buildActionMask = 2147483647;
			files = (
				520276F816762D300004BBDC /* InfoPlist.strings in Resources */,
				5202770016762D300004BBDC /* Default.png in Resources */,
				5202770216762D300004BBDC /* Default@2x.png in Resources */,
				5202770416762D300004BBDC /* Default-568h@2x.png in Resources */,
				5202770716762D300004BBDC /* MainStoryboard.storyboard in Resources */,
				52F081F4168425D700F2749E /* icon114.png in Resources */,
				52A5E0411687ECA800E3A2AB /* SampleMap.png in Resources */,
				52BA73D0168EC3700025C3EA /* mute mic.tiff in Resources */,
				83369522173DAFDB00923D88 /* cmu07a.dic in Resources */,
				83369523173DAFDB00923D88 /* feat.params in Resources */,
				83369524173DAFDB00923D88 /* mdef in Resources */,
				83369525173DAFDB00923D88 /* means in Resources */,
				83369526173DAFDB00923D88 /* noisedict in Resources */,
				83369527173DAFDB00923D88 /* sendump in Resources */,
				83369528173DAFDB00923D88 /* transition_matrices in Resources */,
				83369529173DAFDB00923D88 /* variances in Resources */,
				8336952B173DAFDB00923D88 /* OpenEars1.dic in Resources */,
				8336952C173DAFDB00923D88 /* OpenEars1.gram in Resources */,
				8336952D173DAFDB00923D88 /* OpenEars1.languagemodel in Resources */,
				8336952E173DAFDB00923D88 /* OpenEars2.gram in Resources */,
				8336952F173DAFDB00923D88 /* OpenEarsCorpus.txt in Resources */,
				83E9C8901747FBD0004D8879 /* FB-f-Logo__blue_29.png in Resources */,
				83E9C8921747FD3C004D8879 /* FB-f-Logo__blue_29@2x.png in Resources */,
				83E9C89417481980004D8879 /* icon1024.png in Resources */,
			);
			runOnlyForDeploymentPostprocessing = 0;
		};
		83CF153F172AB580006044B0 /* Resources */ = {
			isa = PBXResourcesBuildPhase;
			buildActionMask = 2147483647;
			files = (
				83CF154C172AB580006044B0 /* InfoPlist.strings in Resources */,
			);
			runOnlyForDeploymentPostprocessing = 0;
		};
/* End PBXResourcesBuildPhase section */

/* Begin PBXShellScriptBuildPhase section */
		83CF1540172AB580006044B0 /* ShellScript */ = {
			isa = PBXShellScriptBuildPhase;
			buildActionMask = 2147483647;
			files = (
			);
			inputPaths = (
			);
			outputPaths = (
			);
			runOnlyForDeploymentPostprocessing = 0;
			shellPath = /bin/sh;
			shellScript = "# Run the unit tests in this test bundle.\n\"${SYSTEM_DEVELOPER_DIR}/Tools/RunUnitTests\"\n";
		};
/* End PBXShellScriptBuildPhase section */

/* Begin PBXSourcesBuildPhase section */
		520276E516762D300004BBDC /* Sources */ = {
			isa = PBXSourcesBuildPhase;
			buildActionMask = 2147483647;
			files = (
				520276FA16762D300004BBDC /* main.m in Sources */,
				520276FE16762D300004BBDC /* TeamRunAppDelegate.m in Sources */,
				5202770A16762D300004BBDC /* TeamRunViewController.m in Sources */,
				833A3147172746EC00E8A61E /* PSLocationManager.m in Sources */,
				83CF1558172AB7C3006044B0 /* TeamRunUtility.m in Sources */,
				83CF155E172F2129006044B0 /* TeamRunSettingsViewController.m in Sources */,
				83CF1561172F61CE006044B0 /* TeamRunSettings.m in Sources */,
				83CF15641732E225006044B0 /* TeamRunCompletedViewController.m in Sources */,
				83CF15671733E82B006044B0 /* TeamRunView.m in Sources */,
			);
			runOnlyForDeploymentPostprocessing = 0;
		};
		83CF153D172AB580006044B0 /* Sources */ = {
			isa = PBXSourcesBuildPhase;
			buildActionMask = 2147483647;
			files = (
				83CF154F172AB581006044B0 /* TeamRunUnitTests.m in Sources */,
			);
			runOnlyForDeploymentPostprocessing = 0;
		};
/* End PBXSourcesBuildPhase section */

/* Begin PBXTargetDependency section */
		83CF1555172AB5C6006044B0 /* PBXTargetDependency */ = {
			isa = PBXTargetDependency;
			target = 520276E816762D300004BBDC /* teamrun */;
			targetProxy = 83CF1554172AB5C6006044B0 /* PBXContainerItemProxy */;
		};
/* End PBXTargetDependency section */

/* Begin PBXVariantGroup section */
		520276F616762D300004BBDC /* InfoPlist.strings */ = {
			isa = PBXVariantGroup;
			children = (
				520276F716762D300004BBDC /* en */,
			);
			name = InfoPlist.strings;
			sourceTree = "<group>";
		};
		5202770516762D300004BBDC /* MainStoryboard.storyboard */ = {
			isa = PBXVariantGroup;
			children = (
				5202770616762D300004BBDC /* en */,
			);
			name = MainStoryboard.storyboard;
			sourceTree = "<group>";
		};
		83CF154A172AB580006044B0 /* InfoPlist.strings */ = {
			isa = PBXVariantGroup;
			children = (
				83CF154B172AB580006044B0 /* en */,
			);
			name = InfoPlist.strings;
			sourceTree = "<group>";
		};
/* End PBXVariantGroup section */

/* Begin XCBuildConfiguration section */
		5202770B16762D300004BBDC /* Debug */ = {
			isa = XCBuildConfiguration;
			buildSettings = {
				ALWAYS_SEARCH_USER_PATHS = NO;
				CLANG_CXX_LANGUAGE_STANDARD = "gnu++0x";
				CLANG_CXX_LIBRARY = "libc++";
				CLANG_ENABLE_OBJC_ARC = YES;
				CLANG_WARN_EMPTY_BODY = YES;
				CLANG_WARN__DUPLICATE_METHOD_MATCH = YES;
				"CODE_SIGN_IDENTITY[sdk=iphoneos*]" = "iPhone Developer";
				COPY_PHASE_STRIP = NO;
				GCC_C_LANGUAGE_STANDARD = gnu99;
				GCC_DYNAMIC_NO_PIC = NO;
				GCC_OPTIMIZATION_LEVEL = 0;
				GCC_PREPROCESSOR_DEFINITIONS = (
					"DEBUG=1",
					"$(inherited)",
				);
				GCC_SYMBOLS_PRIVATE_EXTERN = NO;
				GCC_WARN_ABOUT_RETURN_TYPE = YES;
				GCC_WARN_UNINITIALIZED_AUTOS = YES;
				GCC_WARN_UNUSED_VARIABLE = YES;
				IPHONEOS_DEPLOYMENT_TARGET = 6.0;
				ONLY_ACTIVE_ARCH = YES;
				SDKROOT = iphoneos;
			};
			name = Debug;
		};
		5202770C16762D310004BBDC /* Release */ = {
			isa = XCBuildConfiguration;
			buildSettings = {
				ALWAYS_SEARCH_USER_PATHS = NO;
				CLANG_CXX_LANGUAGE_STANDARD = "gnu++0x";
				CLANG_CXX_LIBRARY = "libc++";
				CLANG_ENABLE_OBJC_ARC = YES;
				CLANG_WARN_EMPTY_BODY = YES;
				CLANG_WARN__DUPLICATE_METHOD_MATCH = YES;
				"CODE_SIGN_IDENTITY[sdk=iphoneos*]" = "iPhone Developer";
				COPY_PHASE_STRIP = YES;
				GCC_C_LANGUAGE_STANDARD = gnu99;
				GCC_WARN_ABOUT_RETURN_TYPE = YES;
				GCC_WARN_UNINITIALIZED_AUTOS = YES;
				GCC_WARN_UNUSED_VARIABLE = YES;
				IPHONEOS_DEPLOYMENT_TARGET = 6.0;
				OTHER_CFLAGS = "-DNS_BLOCK_ASSERTIONS=1";
				SDKROOT = iphoneos;
				VALIDATE_PRODUCT = YES;
			};
			name = Release;
		};
		5202770E16762D310004BBDC /* Debug */ = {
			isa = XCBuildConfiguration;
			buildSettings = {
				DEPLOYMENT_POSTPROCESSING = NO;
				FRAMEWORK_SEARCH_PATHS = (
					"$(inherited)",
					"\"$(SRCROOT)/Framework\"",
					"\"$(SRCROOT)\"",
				);
				GCC_PRECOMPILE_PREFIX_HEADER = YES;
				GCC_PREFIX_HEADER = "TeamRun/teamrun-Prefix.pch";
				INFOPLIST_FILE = "TeamRun/teamrun-Info.plist";
				PRODUCT_NAME = teamrun;
				WRAPPER_EXTENSION = app;
			};
			name = Debug;
		};
		5202770F16762D310004BBDC /* Release */ = {
			isa = XCBuildConfiguration;
			buildSettings = {
				DEPLOYMENT_POSTPROCESSING = YES;
				FRAMEWORK_SEARCH_PATHS = (
					"$(inherited)",
					"\"$(SRCROOT)/Framework\"",
					"\"$(SRCROOT)\"",
				);
				GCC_PRECOMPILE_PREFIX_HEADER = YES;
				GCC_PREFIX_HEADER = "TeamRun/teamrun-Prefix.pch";
				INFOPLIST_FILE = "TeamRun/teamrun-Info.plist";
				PRODUCT_NAME = teamrun;
				WRAPPER_EXTENSION = app;
			};
			name = Release;
		};
		83CF1552172AB581006044B0 /* Debug */ = {
			isa = XCBuildConfiguration;
			buildSettings = {
				BUNDLE_LOADER = "$(BUILT_PRODUCTS_DIR)/teamrun.app/TeamRun";
				CLANG_WARN_CONSTANT_CONVERSION = YES;
				CLANG_WARN_ENUM_CONVERSION = YES;
				CLANG_WARN_INT_CONVERSION = YES;
				FRAMEWORK_SEARCH_PATHS = (
					"\"$(SDKROOT)/Developer/Library/Frameworks\"",
					"\"$(DEVELOPER_LIBRARY_DIR)/Frameworks\"",
				);
				GCC_PRECOMPILE_PREFIX_HEADER = YES;
				GCC_PREFIX_HEADER = "TeamRunUnitTests/TeamRunUnitTests-Prefix.pch";
				INFOPLIST_FILE = "TeamRunUnitTests/TeamRunUnitTests-Info.plist";
				IPHONEOS_DEPLOYMENT_TARGET = 6.1;
				PRODUCT_NAME = "$(TARGET_NAME)";
				TEST_HOST = "${BUNDLE_LOADER}";
				WRAPPER_EXTENSION = octest;
			};
			name = Debug;
		};
		83CF1553172AB581006044B0 /* Release */ = {
			isa = XCBuildConfiguration;
			buildSettings = {
				BUNDLE_LOADER = "$(BUILT_PRODUCTS_DIR)/teamrun.app/TeamRun";
				CLANG_WARN_CONSTANT_CONVERSION = YES;
				CLANG_WARN_ENUM_CONVERSION = YES;
				CLANG_WARN_INT_CONVERSION = YES;
				FRAMEWORK_SEARCH_PATHS = (
					"\"$(SDKROOT)/Developer/Library/Frameworks\"",
					"\"$(DEVELOPER_LIBRARY_DIR)/Frameworks\"",
				);
				GCC_PRECOMPILE_PREFIX_HEADER = YES;
				GCC_PREFIX_HEADER = "TeamRunUnitTests/TeamRunUnitTests-Prefix.pch";
				INFOPLIST_FILE = "TeamRunUnitTests/TeamRunUnitTests-Info.plist";
				IPHONEOS_DEPLOYMENT_TARGET = 6.1;
				PRODUCT_NAME = "$(TARGET_NAME)";
				TEST_HOST = "${BUNDLE_LOADER}";
				WRAPPER_EXTENSION = octest;
			};
			name = Release;
		};
/* End XCBuildConfiguration section */

/* Begin XCConfigurationList section */
		520276E316762D300004BBDC /* Build configuration list for PBXProject "teamrun" */ = {
			isa = XCConfigurationList;
			buildConfigurations = (
				5202770B16762D300004BBDC /* Debug */,
				5202770C16762D310004BBDC /* Release */,
			);
			defaultConfigurationIsVisible = 0;
			defaultConfigurationName = Release;
		};
		5202770D16762D310004BBDC /* Build configuration list for PBXNativeTarget "teamrun" */ = {
			isa = XCConfigurationList;
			buildConfigurations = (
				5202770E16762D310004BBDC /* Debug */,
				5202770F16762D310004BBDC /* Release */,
			);
			defaultConfigurationIsVisible = 0;
			defaultConfigurationName = Release;
		};
		83CF1551172AB581006044B0 /* Build configuration list for PBXNativeTarget "TeamRunUnitTests" */ = {
			isa = XCConfigurationList;
			buildConfigurations = (
				83CF1552172AB581006044B0 /* Debug */,
				83CF1553172AB581006044B0 /* Release */,
			);
			defaultConfigurationIsVisible = 0;
			defaultConfigurationName = Release;
		};
/* End XCConfigurationList section */
	};
	rootObject = 520276E016762D300004BBDC /* Project object */;
}
